{
  "name": "scut_questionaire",
  "version": "1.0.0",
  "lockfileVersion": 1,
  "requires": true,
  "dependencies": {
    "islider.js": {
      "version": "2.2.5",
      "resolved": "https://registry.npmjs.org/islider.js/-/islider.js-2.2.5.tgz",
      "integrity": "sha512-U1344s50iEEM2d1kRnu3HNex6YU1xRQaANONSJqW6r6HiLuvyXf+15PWY40PrFegGD+rrULl4/Zy18FKMZ6p1g=="
    }
  }
}
